
Microsoft Visual Studio Solution File, Format Version 12.00
# Visual Studio Version 17
VisualStudioVersion = 17.7.34024.191
MinimumVisualStudioVersion = 10.0.40219.1
Project("{FAE04EC0-301F-11D3-BF4B-00C04F79EFBC}") = "SOI_Basemap_Publiser_Application_UI", "SOI_Basemap_Publiser_Application_UI\SOI_Basemap_Publiser_Application_UI.csproj", "{3F9739F8-80E2-4533-BD90-C6FA65790323}"
EndProject
Project("{FAE04EC0-301F-11D3-BF4B-00C04F79EFBC}") = "SOIBasemapPublisherProcess", "SOIBasemapPublisherProcess\SOIBasemapPublisherProcess.csproj", "{EEA593CE-0BC3-45D9-AFB8-52DDDDB394C5}"
EndProject
Project("{54435603-DBB4-11D2-8724-00A0C9A8B90C}") = "SOIBasemapPublish_Setup_MSI", "SOIBasemapPublish_Setup_MSI\SOIBasemapPublish_Setup_MSI.vdproj", "{DE3EF8EC-E483-4177-8860-C91B54B6097C}"
EndProject
Global
	GlobalSection(SolutionConfigurationPlatforms) = preSolution
		Debug|Any CPU = Debug|Any CPU
		Release|Any CPU = Release|Any CPU
	EndGlobalSection
	GlobalSection(ProjectConfigurationPlatforms) = postSolution
		{3F9739F8-80E2-4533-BD90-C6FA65790323}.Debug|Any CPU.ActiveCfg = Debug|Any CPU
		{3F9739F8-80E2-4533-BD90-C6FA65790323}.Debug|Any CPU.Build.0 = Debug|Any CPU
		{3F9739F8-80E2-4533-BD90-C6FA65790323}.Release|Any CPU.ActiveCfg = Release|Any CPU
		{3F9739F8-80E2-4533-BD90-C6FA65790323}.Release|Any CPU.Build.0 = Release|Any CPU
		{EEA593CE-0BC3-45D9-AFB8-52DDDDB394C5}.Debug|Any CPU.ActiveCfg = Debug|Any CPU
		{EEA593CE-0BC3-45D9-AFB8-52DDDDB394C5}.Debug|Any CPU.Build.0 = Debug|Any CPU
		{EEA593CE-0BC3-45D9-AFB8-52DDDDB394C5}.Release|Any CPU.ActiveCfg = Release|Any CPU
		{EEA593CE-0BC3-45D9-AFB8-52DDDDB394C5}.Release|Any CPU.Build.0 = Release|Any CPU
		{DE3EF8EC-E483-4177-8860-C91B54B6097C}.Debug|Any CPU.ActiveCfg = Debug
		{DE3EF8EC-E483-4177-8860-C91B54B6097C}.Release|Any CPU.ActiveCfg = Release
	EndGlobalSection
	GlobalSection(SolutionProperties) = preSolution
		HideSolutionNode = FALSE
	EndGlobalSection
	GlobalSection(ExtensibilityGlobals) = postSolution
		SolutionGuid = {AE815274-A289-4206-82FB-07E9053146B2}
	EndGlobalSection
EndGlobal
